{
  "originHash" : "19b5b22800cc098aa0faec1397e46af0caa983ac3387d1880c23df53f9e644b2",
  "pins" : [
    {
      "identity" : "swift-collections",
      "kind" : "remoteSourceControl",
      "location" : "https://github.com/apple/swift-collections.git",
      "state" : {
        "revision" : "fea17c02d767f46b23070fdfdacc28a03a39232a",
        "version" : "1.5.1"
      }
    }
  ],
  "version" : 3
}
